# This file is automatically @generated by Cargo.
# It is not intended for manual editing.
version = 4

[[package]]
name = "bit_control"
version = "0.1.1"

[[package]]
name = "common_header"
version = "0.1.1"

[[package]]
name = "drv_analog_in"
version = "0.1.0"
dependencies = [
 "drv_name",
 "hal_adc",
]

[[package]]
name = "drv_digital_in"
version = "0.1.0"
dependencies = [
 "drv_name",
 "hal_gpio",
]

[[package]]
name = "drv_digital_out"
version = "0.1.0"
dependencies = [
 "drv_name",
 "hal_gpio",
]

[[package]]
name = "drv_i2c_master"
version = "0.1.0"
dependencies = [
 "drv_name",
 "hal_i2c_master",
]

[[package]]
name = "drv_name"
version = "0.1.0"
dependencies = [
 "hal_gpio",
 "hal_target",
]

[[package]]
name = "drv_port"
version = "0.1.0"
dependencies = [
 "drv_name",
 "hal_gpio",
]

[[package]]
name = "drv_pwm"
version = "0.1.0"
dependencies = [
 "drv_name",
 "hal_pwm",
]

[[package]]
name = "drv_spi_master"
version = "0.1.0"
dependencies = [
 "drv_name",
 "hal_spi_master",
]

[[package]]
name = "hal_adc"
version = "0.1.0"
dependencies = [
 "hal_ll_adc",
 "hal_target",
]

[[package]]
name = "hal_gpio"
version = "0.1.0"
dependencies = [
 "hal_ll_gpio",
 "hal_target",
]

[[package]]
name = "hal_i2c_master"
version = "0.1.0"
dependencies = [
 "hal_ll_i2c_master",
 "hal_target",
]

[[package]]
name = "hal_ll_adc"
version = "0.1.0"
dependencies = [
 "hal_ll_adc_pin_map",
 "hal_ll_gpio_port",
 "hal_ll_target",
 "system",
]

[[package]]
name = "hal_ll_adc_pin_map"
version = "0.1.0"
dependencies = [
 "hal_ll_pin_names",
]

[[package]]
name = "hal_ll_gpio"
version = "0.1.0"
dependencies = [
 "hal_ll_gpio_port",
]

[[package]]
name = "hal_ll_gpio_constants"
version = "0.1.0"

[[package]]
name = "hal_ll_gpio_port"
version = "0.1.0"
dependencies = [
 "hal_ll_gpio_constants",
 "hal_ll_target",
]

[[package]]
name = "hal_ll_i2c_master"
version = "0.1.0"
dependencies = [
 "hal_ll_gpio",
 "hal_ll_i2c_pin_map",
 "hal_ll_target",
 "system",
]

[[package]]
name = "hal_ll_i2c_pin_map"
version = "0.1.0"
dependencies = [
 "hal_ll_pin_names",
]

[[package]]
name = "hal_ll_pin_names"
version = "0.1.1"
dependencies = [
 "hal_ll_target_names",
 "mcu",
]

[[package]]
name = "hal_ll_spi_master"
version = "0.1.0"
dependencies = [
 "hal_ll_gpio",
 "hal_ll_spi_master_pin_map",
 "hal_ll_target",
 "system",
]

[[package]]
name = "hal_ll_spi_master_pin_map"
version = "0.1.0"
dependencies = [
 "hal_ll_pin_names",
]

[[package]]
name = "hal_ll_target"
version = "0.1.1"
dependencies = [
 "bit_control",
 "hal_ll_pin_names",
]

[[package]]
name = "hal_ll_target_names"
version = "0.1.1"

[[package]]
name = "hal_ll_tim"
version = "0.1.0"
dependencies = [
 "hal_ll_gpio",
 "hal_ll_target",
 "hal_ll_tim_pin_map",
 "system",
]

[[package]]
name = "hal_ll_tim_pin_map"
version = "0.1.0"
dependencies = [
 "hal_ll_pin_names",
]

[[package]]
name = "hal_ll_uart"
version = "0.1.0"
dependencies = [
 "hal_ll_gpio",
 "hal_ll_target",
 "hal_ll_uart_pin_map",
 "interrupt",
 "system",
]

[[package]]
name = "hal_ll_uart_pin_map"
version = "0.1.0"
dependencies = [
 "hal_ll_pin_names",
]

[[package]]
name = "hal_pwm"
version = "0.1.0"
dependencies = [
 "hal_ll_tim",
 "hal_target",
]

[[package]]
name = "hal_spi_master"
version = "0.1.0"
dependencies = [
 "hal_gpio",
 "hal_ll_spi_master",
 "hal_target",
 "system",
]

[[package]]
name = "hal_target"
version = "0.1.0"
dependencies = [
 "hal_ll_target",
]

[[package]]
name = "interrupt"
version = "0.1.0"
dependencies = [
 "bit_control",
]

[[package]]
name = "mcu"
version = "0.1.1"

[[package]]
name = "mikrosdk"
version = "0.1.1"
dependencies = [
 "drv_analog_in",
 "drv_digital_in",
 "drv_digital_out",
 "drv_i2c_master",
 "drv_name",
 "drv_port",
 "drv_pwm",
 "drv_spi_master",
 "hal_ll_uart",
 "interrupt",
 "panic-halt",
 "ring",
 "system",
]

[[package]]
name = "panic-halt"
version = "1.0.0"
source = "registry+https://github.com/rust-lang/crates.io-index"
checksum = "a513e167849a384b7f9b746e517604398518590a9142f4846a32e3c2a4de7b11"

[[package]]
name = "ring"
version = "0.1.0"

[[package]]
name = "system"
version = "0.1.0"
dependencies = [
 "common_header",
 "mcu",
 "system_reset",
]

[[package]]
name = "system_reset"
version = "0.1.0"
